<?xml version="1.0" encoding="utf-8"?>
<Project xmlns="http://schemas.microsoft.com/developer/msbuild/2003">
  <ItemGroup>
    <Filter Include="Generated Files">
      <UniqueIdentifier>{71ED8ED8-ACB9-4CE9-BBE1-E00B30144E11}</UniqueIdentifier>
      <Extensions>cpp;c;cxx;moc;h;def;odl;idl;res;</Extensions>
    </Filter>
    <Filter Include="Generated Files">
      <UniqueIdentifier>{71ED8ED8-ACB9-4CE9-BBE1-E00B30144E11}</UniqueIdentifier>
      <Extensions>cpp;c;cxx;moc;h;def;odl;idl;res;</Extensions>
    </Filter>
    <Filter Include="Header Files">
      <UniqueIdentifier>{93995380-89BD-4b04-88EB-625FBE52EBFB}</UniqueIdentifier>
      <Extensions>h;hpp;hxx;hm;inl;inc;xsd</Extensions>
    </Filter>
    <Filter Include="Header Files">
      <UniqueIdentifier>{93995380-89BD-4b04-88EB-625FBE52EBFB}</UniqueIdentifier>
      <Extensions>h;hpp;hxx;hm;inl;inc;xsd</Extensions>
    </Filter>
    <Filter Include="Source Files">
      <UniqueIdentifier>{4FC737F1-C7A5-4376-A066-2A32D752A2FF}</UniqueIdentifier>
      <Extensions>cpp;c;cxx;def;odl;idl;hpj;bat;asm;asmx</Extensions>
    </Filter>
    <Filter Include="Source Files">
      <UniqueIdentifier>{4FC737F1-C7A5-4376-A066-2A32D752A2FF}</UniqueIdentifier>
      <Extensions>cpp;c;cxx;def;odl;idl;hpj;bat;asm;asmx</Extensions>
    </Filter>
    <Filter Include="Distribution Files">
      <UniqueIdentifier>{B83CAF91-C7BF-462F-B76C-EA11631F866C}</UniqueIdentifier>
      <Extensions>*</Extensions>
      <ParseFiles>false</ParseFiles>
    </Filter>
    <Filter Include="Distribution Files">
      <UniqueIdentifier>{B83CAF91-C7BF-462F-B76C-EA11631F866C}</UniqueIdentifier>
      <Extensions>*</Extensions>
      <ParseFiles>false</ParseFiles>
    </Filter>
  </ItemGroup>
  <ItemGroup>
    <ClCompile Include="clone_format\clone_io.cpp">
      <Filter>Source Files</Filter>
    </ClCompile>
    <ClCompile Include="model\clone_pair.cpp">
      <Filter>Source Files</Filter>
    </ClCompile>
    <ClCompile Include="layer\clone_pair_grid_layer.cpp">
      <Filter>Source Files</Filter>
    </ClCompile>
    <ClCompile Include="gui\color_selector.cpp">
      <Filter>Source Files</Filter>
    </ClCompile>
    <ClCompile Include="model\detection_result.cpp">
      <Filter>Source Files</Filter>
    </ClCompile>
    <ClCompile Include="core\detection_results.cpp">
      <Filter>Source Files</Filter>
    </ClCompile>
    <ClCompile Include="model\file.cpp">
      <Filter>Source Files</Filter>
    </ClCompile>
    <ClCompile Include="layer\file_separated_grid_layer.cpp">
      <Filter>Source Files</Filter>
    </ClCompile>
    <ClCompile Include="model\fragment.cpp">
      <Filter>Source Files</Filter>
    </ClCompile>
    <ClCompile Include="layer\heatmap_layer.cpp">
      <Filter>Source Files</Filter>
    </ClCompile>
    <ClCompile Include="clone_format\jcln.cpp">
      <Filter>Source Files</Filter>
    </ClCompile>
    <ClCompile Include="core\logger.cpp">
      <Filter>Source Files</Filter>
    </ClCompile>
    <ClCompile Include="main.cpp">
      <Filter>Source Files</Filter>
    </ClCompile>
    <ClCompile Include="gui\mainwindow.cpp">
      <Filter>Source Files</Filter>
    </ClCompile>
    <ClCompile Include="core\matching_table.cpp">
      <Filter>Source Files</Filter>
    </ClCompile>
    <ClCompile Include="model\result_environment.cpp">
      <Filter>Source Files</Filter>
    </ClCompile>
    <ClCompile Include="gui\scatter_plot_model.cpp">
      <Filter>Source Files</Filter>
    </ClCompile>
    <ClCompile Include="gui\scatter_plot_view.cpp">
      <Filter>Source Files</Filter>
    </ClCompile>
    <ClCompile Include="core\utility.cpp">
      <Filter>Source Files</Filter>
    </ClCompile>
    <ClCompile Include="gui\layer_list_model.cpp">
      <Filter>Header Files</Filter>
    </ClCompile>
    <ClCompile Include="gui\layer_list_view.cpp">
      <Filter>Header Files</Filter>
    </ClCompile>
  </ItemGroup>
  <ItemGroup>
    <ClInclude Include="clone_format\clone_io.hpp">
      <Filter>Header Files</Filter>
    </ClInclude>
    <ClInclude Include="model\clone_pair.hpp">
      <Filter>Header Files</Filter>
    </ClInclude>
    <ClInclude Include="layer\clone_pair_grid_layer.hpp">
      <Filter>Header Files</Filter>
    </ClInclude>
    <ClInclude Include="gui\color_selector.hpp">
      <Filter>Header Files</Filter>
    </ClInclude>
    <ClInclude Include="model\detection_result.hpp">
      <Filter>Header Files</Filter>
    </ClInclude>
    <ClInclude Include="core\detection_results.hpp">
      <Filter>Header Files</Filter>
    </ClInclude>
    <ClInclude Include="model\file.hpp">
      <Filter>Header Files</Filter>
    </ClInclude>
    <ClInclude Include="layer\file_separated_grid_layer.hpp">
      <Filter>Header Files</Filter>
    </ClInclude>
    <ClInclude Include="clone_format\format_tags.hpp">
      <Filter>Header Files</Filter>
    </ClInclude>
    <ClInclude Include="model\fragment.hpp">
      <Filter>Header Files</Filter>
    </ClInclude>
    <ClInclude Include="layer\heatmap_layer.hpp">
      <Filter>Header Files</Filter>
    </ClInclude>
    <ClInclude Include="clone_format\jcln.hpp">
      <Filter>Header Files</Filter>
    </ClInclude>
    <ClInclude Include="core\logger.hpp">
      <Filter>Header Files</Filter>
    </ClInclude>
    <QtMoc Include="gui\mainwindow.hpp">
      <Filter>Header Files</Filter>
    </QtMoc>
    <ClInclude Include="core\matching_table.hpp">
      <Filter>Header Files</Filter>
    </ClInclude>
    <ClInclude Include="model\object_id_t.hpp">
      <Filter>Header Files</Filter>
    </ClInclude>
    <ClInclude Include="model\result_environment.hpp">
      <Filter>Header Files</Filter>
    </ClInclude>
    <QtMoc Include="gui\scatter_plot_model.hpp">
      <Filter>Header Files</Filter>
    </QtMoc>
    <QtMoc Include="gui\scatter_plot_view.hpp">
      <Filter>Header Files</Filter>
    </QtMoc>
    <ClInclude Include="core\utility.hpp">
      <Filter>Header Files</Filter>
    </ClInclude>
  </ItemGroup>
  <ItemGroup>
    <CustomBuild Include="debug\moc_predefs.h.cbt">
      <Filter>Generated Files</Filter>
    </CustomBuild>
    <CustomBuild Include="release\moc_predefs.h.cbt">
      <Filter>Generated Files</Filter>
    </CustomBuild>
  </ItemGroup>
  <ItemGroup>
    <None Include="test\f0.txt">
      <Filter>Distribution Files</Filter>
    </None>
    <None Include="test\f1.txt">
      <Filter>Distribution Files</Filter>
    </None>
    <None Include="test\f2.txt">
      <Filter>Distribution Files</Filter>
    </None>
    <None Include="ref.jcln">
      <Filter>Distribution Files</Filter>
    </None>
    <None Include="test\rs.jcln">
      <Filter>Distribution Files</Filter>
    </None>
  </ItemGroup>
  <ItemGroup>
    <QtMoc Include="gui\layer_list_model.hpp">
      <Filter>Header Files</Filter>
    </QtMoc>
    <QtMoc Include="gui\layer_list_view.hpp">
      <Filter>Header Files</Filter>
    </QtMoc>
  </ItemGroup>
</Project>