<?xml version="1.0" encoding="utf-8"?>
<Project xmlns="http://schemas.microsoft.com/developer/msbuild/2003">
  <ItemGroup>
    <Filter Include="Generated Files">
      <UniqueIdentifier>{71ED8ED8-ACB9-4CE9-BBE1-E00B30144E11}</UniqueIdentifier>
      <Extensions>cpp;c;cxx;moc;h;def;odl;idl;res;</Extensions>
    </Filter>
    <Filter Include="Header Files">
      <UniqueIdentifier>{93995380-89BD-4b04-88EB-625FBE52EBFB}</UniqueIdentifier>
      <Extensions>h;hpp;hxx;hm;inl;inc;xsd</Extensions>
    </Filter>
    <Filter Include="Header Files">
      <UniqueIdentifier>{93995380-89BD-4b04-88EB-625FBE52EBFB}</UniqueIdentifier>
      <Extensions>h;hpp;hxx;hm;inl;inc;xsd</Extensions>
    </Filter>
    <Filter Include="Source Files">
      <UniqueIdentifier>{4FC737F1-C7A5-4376-A066-2A32D752A2FF}</UniqueIdentifier>
      <Extensions>cpp;c;cxx;def;odl;idl;hpj;bat;asm;asmx</Extensions>
    </Filter>
    <Filter Include="Source Files">
      <UniqueIdentifier>{4FC737F1-C7A5-4376-A066-2A32D752A2FF}</UniqueIdentifier>
      <Extensions>cpp;c;cxx;def;odl;idl;hpj;bat;asm;asmx</Extensions>
    </Filter>
    <Filter Include="Distribution Files">
      <UniqueIdentifier>{B83CAF91-C7BF-462F-B76C-EA11631F866C}</UniqueIdentifier>
      <Extensions>*</Extensions>
      <ParseFiles>false</ParseFiles>
    </Filter>
    <Filter Include="Distribution Files">
      <UniqueIdentifier>{B83CAF91-C7BF-462F-B76C-EA11631F866C}</UniqueIdentifier>
      <Extensions>*</Extensions>
      <ParseFiles>false</ParseFiles>
    </Filter>
  </ItemGroup>
  <ItemGroup>
    <ClCompile Include="core\bk.cpp">
      <Filter>Source Files</Filter>
    </ClCompile>
    <ClCompile Include="clone_format\ccfindersw.cpp">
      <Filter>Source Files</Filter>
    </ClCompile>
    <ClCompile Include="clone_format\clone_io.cpp">
      <Filter>Source Files</Filter>
    </ClCompile>
    <ClCompile Include="model\clone_pair.cpp">
      <Filter>Source Files</Filter>
    </ClCompile>
    <ClCompile Include="layer\clone_pair_grid_layer.cpp">
      <Filter>Source Files</Filter>
    </ClCompile>
    <ClCompile Include="gui\central\color_bar_widget.cpp">
      <Filter>Source Files</Filter>
    </ClCompile>
    <ClCompile Include="layer\color_selector.cpp">
      <Filter>Source Files</Filter>
    </ClCompile>
    <ClCompile Include="clone_format\csv.cpp">
      <Filter>Source Files</Filter>
    </ClCompile>
    <ClCompile Include="gui\central\current_grid_detail_widget.cpp">
      <Filter>Source Files</Filter>
    </ClCompile>
    <ClCompile Include="model\detection_result.cpp">
      <Filter>Source Files</Filter>
    </ClCompile>
    <ClCompile Include="core\detection_results.cpp">
      <Filter>Source Files</Filter>
    </ClCompile>
    <ClCompile Include="gui\tools\external_tools_settings_dialog.cpp">
      <Filter>Source Files</Filter>
    </ClCompile>
    <ClCompile Include="model\file.cpp">
      <Filter>Source Files</Filter>
    </ClCompile>
    <ClCompile Include="layer\file_separated_grid_layer.cpp">
      <Filter>Source Files</Filter>
    </ClCompile>
    <ClCompile Include="model\fragment.cpp">
      <Filter>Source Files</Filter>
    </ClCompile>
    <ClCompile Include="layer\heatmap_layer.cpp">
      <Filter>Source Files</Filter>
    </ClCompile>
    <ClCompile Include="gui\tools\invoke_ccfindersw_dialog.cpp">
      <Filter>Source Files</Filter>
    </ClCompile>
    <ClCompile Include="gui\tools\invoke_ccfinderx_dialog.cpp">
      <Filter>Source Files</Filter>
    </ClCompile>
    <ClCompile Include="gui\tools\invoke_ccvolti_dialog.cpp">
      <Filter>Source Files</Filter>
    </ClCompile>
    <ClCompile Include="gui\tools\invoke_dialog.cpp">
      <Filter>Source Files</Filter>
    </ClCompile>
    <ClCompile Include="gui\tools\invoke_nicad_dialog.cpp">
      <Filter>Source Files</Filter>
    </ClCompile>
    <ClCompile Include="gui\tools\invoker.cpp">
      <Filter>Source Files</Filter>
    </ClCompile>
    <ClCompile Include="clone_format\jcln.cpp">
      <Filter>Source Files</Filter>
    </ClCompile>
    <ClCompile Include="gui\docks\layer_detail_widget.cpp">
      <Filter>Source Files</Filter>
    </ClCompile>
    <ClCompile Include="gui\docks\layer_list_widget.cpp">
      <Filter>Source Files</Filter>
    </ClCompile>
    <ClCompile Include="gui\central\layer_widget.cpp">
      <Filter>Source Files</Filter>
    </ClCompile>
    <ClCompile Include="core\logger.cpp">
      <Filter>Source Files</Filter>
    </ClCompile>
    <ClCompile Include="main.cpp">
      <Filter>Source Files</Filter>
    </ClCompile>
    <ClCompile Include="gui\mainwindow.cpp">
      <Filter>Source Files</Filter>
    </ClCompile>
    <ClCompile Include="gui\central\matched_clone_pair_list_widget.cpp">
      <Filter>Source Files</Filter>
    </ClCompile>
    <ClCompile Include="core\matching_table.cpp">
      <Filter>Source Files</Filter>
    </ClCompile>
    <ClCompile Include="clone_format\nicad.cpp">
      <Filter>Source Files</Filter>
    </ClCompile>
    <ClCompile Include="model\result_environment.cpp">
      <Filter>Source Files</Filter>
    </ClCompile>
    <ClCompile Include="gui\central\scatter_plot_widget.cpp">
      <Filter>Source Files</Filter>
    </ClCompile>
    <ClCompile Include="core\utility.cpp">
      <Filter>Source Files</Filter>
    </ClCompile>
    <ClCompile Include="core\global_settings.cpp">
      <Filter>Source Files</Filter>
    </ClCompile>
    <ClCompile Include="gui\docks\grid_properties_widget.cpp">
      <Filter>Source Files</Filter>
    </ClCompile>
  </ItemGroup>
  <ItemGroup>
    <ClInclude Include="core\bk.hpp">
      <Filter>Header Files</Filter>
    </ClInclude>
    <ClInclude Include="clone_format\ccfindersw.hpp">
      <Filter>Header Files</Filter>
    </ClInclude>
    <ClInclude Include="gui\central.hpp">
      <Filter>Header Files</Filter>
    </ClInclude>
    <ClInclude Include="clone_format\clone_io.hpp">
      <Filter>Header Files</Filter>
    </ClInclude>
    <ClInclude Include="model\clone_pair.hpp">
      <Filter>Header Files</Filter>
    </ClInclude>
    <ClInclude Include="layer\clone_pair_grid_layer.hpp">
      <Filter>Header Files</Filter>
    </ClInclude>
    <QtMoc Include="gui\central\color_bar_widget.hpp">
      <Filter>Header Files</Filter>
    </QtMoc>
    <ClInclude Include="layer\color_selector.hpp">
      <Filter>Header Files</Filter>
    </ClInclude>
    <ClInclude Include="clone_format\csv.hpp">
      <Filter>Header Files</Filter>
    </ClInclude>
    <QtMoc Include="gui\central\current_grid_detail_widget.hpp">
      <Filter>Header Files</Filter>
    </QtMoc>
    <ClInclude Include="model\detection_result.hpp">
      <Filter>Header Files</Filter>
    </ClInclude>
    <ClInclude Include="core\detection_results.hpp">
      <Filter>Header Files</Filter>
    </ClInclude>
    <ClInclude Include="gui\docks.hpp">
      <Filter>Header Files</Filter>
    </ClInclude>
    <QtMoc Include="gui\tools\external_tools_settings_dialog.hpp">
      <Filter>Header Files</Filter>
    </QtMoc>
    <ClInclude Include="model\file.hpp">
      <Filter>Header Files</Filter>
    </ClInclude>
    <ClInclude Include="layer\file_separated_grid_layer.hpp">
      <Filter>Header Files</Filter>
    </ClInclude>
    <ClInclude Include="clone_format\format_tags.hpp">
      <Filter>Header Files</Filter>
    </ClInclude>
    <ClInclude Include="model\fragment.hpp">
      <Filter>Header Files</Filter>
    </ClInclude>
    <ClInclude Include="layer\heatmap_layer.hpp">
      <Filter>Header Files</Filter>
    </ClInclude>
    <QtMoc Include="gui\tools\invoke_ccfindersw_dialog.hpp">
      <Filter>Header Files</Filter>
    </QtMoc>
    <QtMoc Include="gui\tools\invoke_ccfinderx_dialog.hpp">
      <Filter>Header Files</Filter>
    </QtMoc>
    <QtMoc Include="gui\tools\invoke_ccvolti_dialog.hpp">
      <Filter>Header Files</Filter>
    </QtMoc>
    <QtMoc Include="gui\tools\invoke_dialog.hpp">
      <Filter>Header Files</Filter>
    </QtMoc>
    <QtMoc Include="gui\tools\invoke_nicad_dialog.hpp">
      <Filter>Header Files</Filter>
    </QtMoc>
    <ClInclude Include="gui\tools\invoker.hpp">
      <Filter>Header Files</Filter>
    </ClInclude>
    <ClInclude Include="clone_format\jcln.hpp">
      <Filter>Header Files</Filter>
    </ClInclude>
    <QtMoc Include="gui\docks\layer_detail_widget.hpp">
      <Filter>Header Files</Filter>
    </QtMoc>
    <QtMoc Include="gui\docks\layer_list_widget.hpp">
      <Filter>Header Files</Filter>
    </QtMoc>
    <QtMoc Include="gui\central\layer_widget.hpp">
      <Filter>Header Files</Filter>
    </QtMoc>
    <ClInclude Include="core\logger.hpp">
      <Filter>Header Files</Filter>
    </ClInclude>
    <QtMoc Include="gui\mainwindow.hpp">
      <Filter>Header Files</Filter>
    </QtMoc>
    <QtMoc Include="gui\central\matched_clone_pair_list_widget.hpp">
      <Filter>Header Files</Filter>
    </QtMoc>
    <ClInclude Include="core\matching_table.hpp">
      <Filter>Header Files</Filter>
    </ClInclude>
    <ClInclude Include="clone_format\nicad.hpp">
      <Filter>Header Files</Filter>
    </ClInclude>
    <ClInclude Include="model\object_id_t.hpp">
      <Filter>Header Files</Filter>
    </ClInclude>
    <ClInclude Include="model\result_environment.hpp">
      <Filter>Header Files</Filter>
    </ClInclude>
    <QtMoc Include="gui\central\scatter_plot_widget.hpp">
      <Filter>Header Files</Filter>
    </QtMoc>
    <ClInclude Include="gui\tools.hpp">
      <Filter>Header Files</Filter>
    </ClInclude>
    <ClInclude Include="core\utility.hpp">
      <Filter>Header Files</Filter>
    </ClInclude>
    <ClInclude Include="core\global_settings.hpp">
      <Filter>Header Files</Filter>
    </ClInclude>
    <ClInclude Include="gui\docks\grid_properties_widget.hpp">
      <Filter>Header Files</Filter>
    </ClInclude>
  </ItemGroup>
  <ItemGroup>
    <None Include="test\f0.txt">
      <Filter>Distribution Files</Filter>
    </None>
    <None Include="test\f1.txt">
      <Filter>Distribution Files</Filter>
    </None>
    <None Include="test\f2.txt">
      <Filter>Distribution Files</Filter>
    </None>
    <None Include="ref.jcln">
      <Filter>Distribution Files</Filter>
    </None>
    <None Include="test\rs.jcln">
      <Filter>Distribution Files</Filter>
    </None>
  </ItemGroup>
</Project>